
Microsoft Visual Studio Solution File, Format Version 12.00
# Visual Studio 15
VisualStudioVersion = 15.0.27130.2036
MinimumVisualStudioVersion = 10.0.40219.1
Project("{9A19103F-16F7-4668-BE54-9A1E7A4F7556}") = "p01", "p01.csproj", "{545FBD9E-2F98-4196-BD53-21C1811B2407}"
EndProject
Global
	GlobalSection(SolutionConfigurationPlatforms) = preSolution
		Debug|Any CPU = Debug|Any CPU
		Release|Any CPU = Release|Any CPU
	EndGlobalSection
	GlobalSection(ProjectConfigurationPlatforms) = postSolution
		{545FBD9E-2F98-4196-BD53-21C1811B2407}.Debug|Any CPU.ActiveCfg = Debug|Any CPU
		{545FBD9E-2F98-4196-BD53-21C1811B2407}.Debug|Any CPU.Build.0 = Debug|Any CPU
		{545FBD9E-2F98-4196-BD53-21C1811B2407}.Release|Any CPU.ActiveCfg = Release|Any CPU
		{545FBD9E-2F98-4196-BD53-21C1811B2407}.Release|Any CPU.Build.0 = Release|Any CPU
	EndGlobalSection
	GlobalSection(SolutionProperties) = preSolution
		HideSolutionNode = FALSE
	EndGlobalSection
	GlobalSection(ExtensibilityGlobals) = postSolution
		SolutionGuid = {8744469B-CD01-49F4-BB52-6791B40ECF8A}
	EndGlobalSection
EndGlobal
